
Microsoft Visual Studio Solution File, Format Version 12.00
# Visual Studio Version 17
VisualStudioVersion = 17.10.35027.167
MinimumVisualStudioVersion = 10.0.40219.1
Project("{FAE04EC0-301F-11D3-BF4B-00C04F79EFBC}") = "DegerReferansParametre", "DegerReferansParametre\DegerReferansParametre.csproj", "{EF92D1E9-60A7-44E5-BB7E-38ECD74DD677}"
EndProject
Global
	GlobalSection(SolutionConfigurationPlatforms) = preSolution
		Debug|Any CPU = Debug|Any CPU
		Release|Any CPU = Release|Any CPU
	EndGlobalSection
	GlobalSection(ProjectConfigurationPlatforms) = postSolution
		{EF92D1E9-60A7-44E5-BB7E-38ECD74DD677}.Debug|Any CPU.ActiveCfg = Debug|Any CPU
		{EF92D1E9-60A7-44E5-BB7E-38ECD74DD677}.Debug|Any CPU.Build.0 = Debug|Any CPU
		{EF92D1E9-60A7-44E5-BB7E-38ECD74DD677}.Release|Any CPU.ActiveCfg = Release|Any CPU
		{EF92D1E9-60A7-44E5-BB7E-38ECD74DD677}.Release|Any CPU.Build.0 = Release|Any CPU
	EndGlobalSection
	GlobalSection(SolutionProperties) = preSolution
		HideSolutionNode = FALSE
	EndGlobalSection
	GlobalSection(ExtensibilityGlobals) = postSolution
		SolutionGuid = {B683E5F6-07EF-4B23-9ED3-AC7500D882F5}
	EndGlobalSection
EndGlobal
